
Microsoft Visual Studio Solution File, Format Version 12.00
# Visual Studio Version 16
VisualStudioVersion = 16.0.31105.61
MinimumVisualStudioVersion = 10.0.40219.1
Project("{2150E333-8FDC-42A3-9474-1A3956D46DE8}") = "Services", "Services", "{0623FD8E-726F-41B0-A33F-350A87362473}"
EndProject
Project("{2150E333-8FDC-42A3-9474-1A3956D46DE8}") = "Catalog", "Catalog", "{E80ECCC7-2A85-4489-B7C4-3860161C66B7}"
EndProject
Project("{9A19103F-16F7-4668-BE54-9A1E7A4F7556}") = "Catalog.API", "Services\Catalog\Catalog.API\Catalog.API.csproj", "{8D2102CC-8C2C-469C-85CB-57AA1499CEFF}"
EndProject
Project("{E53339B2-1760-4266-BCC7-CA923CBCF16C}") = "docker-compose", "docker-compose.dcproj", "{AD3CB4BC-5903-4DF5-B782-010FA1F54208}"
EndProject
Project("{2150E333-8FDC-42A3-9474-1A3956D46DE8}") = "Basket", "Basket", "{48ECDCF3-BDBD-4997-BF86-9950024E7D57}"
EndProject
Project("{9A19103F-16F7-4668-BE54-9A1E7A4F7556}") = "Basket.API", "Services\Basket\Basket.API\Basket.API.csproj", "{12229EB7-F41B-4860-9445-FBDDDA822192}"
EndProject
Project("{2150E333-8FDC-42A3-9474-1A3956D46DE8}") = "Discount", "Discount", "{7C0363A5-963B-4074-B774-F233B44EC392}"
EndProject
Project("{FAE04EC0-301F-11D3-BF4B-00C04F79EFBC}") = "Discount.API", "Services\Discount\Discount.API\Discount.API.csproj", "{BC04BC84-3E7D-4986-AEE5-BD48B17D536E}"
EndProject
Global
	GlobalSection(SolutionConfigurationPlatforms) = preSolution
		Debug|Any CPU = Debug|Any CPU
		Release|Any CPU = Release|Any CPU
	EndGlobalSection
	GlobalSection(ProjectConfigurationPlatforms) = postSolution
		{8D2102CC-8C2C-469C-85CB-57AA1499CEFF}.Debug|Any CPU.ActiveCfg = Debug|Any CPU
		{8D2102CC-8C2C-469C-85CB-57AA1499CEFF}.Debug|Any CPU.Build.0 = Debug|Any CPU
		{8D2102CC-8C2C-469C-85CB-57AA1499CEFF}.Release|Any CPU.ActiveCfg = Release|Any CPU
		{8D2102CC-8C2C-469C-85CB-57AA1499CEFF}.Release|Any CPU.Build.0 = Release|Any CPU
		{AD3CB4BC-5903-4DF5-B782-010FA1F54208}.Debug|Any CPU.ActiveCfg = Debug|Any CPU
		{AD3CB4BC-5903-4DF5-B782-010FA1F54208}.Debug|Any CPU.Build.0 = Debug|Any CPU
		{AD3CB4BC-5903-4DF5-B782-010FA1F54208}.Release|Any CPU.ActiveCfg = Release|Any CPU
		{AD3CB4BC-5903-4DF5-B782-010FA1F54208}.Release|Any CPU.Build.0 = Release|Any CPU
		{12229EB7-F41B-4860-9445-FBDDDA822192}.Debug|Any CPU.ActiveCfg = Debug|Any CPU
		{12229EB7-F41B-4860-9445-FBDDDA822192}.Debug|Any CPU.Build.0 = Debug|Any CPU
		{12229EB7-F41B-4860-9445-FBDDDA822192}.Release|Any CPU.ActiveCfg = Release|Any CPU
		{12229EB7-F41B-4860-9445-FBDDDA822192}.Release|Any CPU.Build.0 = Release|Any CPU
		{BC04BC84-3E7D-4986-AEE5-BD48B17D536E}.Debug|Any CPU.ActiveCfg = Debug|Any CPU
		{BC04BC84-3E7D-4986-AEE5-BD48B17D536E}.Debug|Any CPU.Build.0 = Debug|Any CPU
		{BC04BC84-3E7D-4986-AEE5-BD48B17D536E}.Release|Any CPU.ActiveCfg = Release|Any CPU
		{BC04BC84-3E7D-4986-AEE5-BD48B17D536E}.Release|Any CPU.Build.0 = Release|Any CPU
	EndGlobalSection
	GlobalSection(SolutionProperties) = preSolution
		HideSolutionNode = FALSE
	EndGlobalSection
	GlobalSection(NestedProjects) = preSolution
		{E80ECCC7-2A85-4489-B7C4-3860161C66B7} = {0623FD8E-726F-41B0-A33F-350A87362473}
		{8D2102CC-8C2C-469C-85CB-57AA1499CEFF} = {E80ECCC7-2A85-4489-B7C4-3860161C66B7}
		{48ECDCF3-BDBD-4997-BF86-9950024E7D57} = {0623FD8E-726F-41B0-A33F-350A87362473}
		{12229EB7-F41B-4860-9445-FBDDDA822192} = {48ECDCF3-BDBD-4997-BF86-9950024E7D57}
		{7C0363A5-963B-4074-B774-F233B44EC392} = {0623FD8E-726F-41B0-A33F-350A87362473}
		{BC04BC84-3E7D-4986-AEE5-BD48B17D536E} = {7C0363A5-963B-4074-B774-F233B44EC392}
	EndGlobalSection
	GlobalSection(ExtensibilityGlobals) = postSolution
		SolutionGuid = {E84CFB64-8391-4125-A027-970735AB9C9B}
	EndGlobalSection
EndGlobal
